{
  "nodes": {
    "home-manager": {
      "inputs": {
        "nixpkgs": "nixpkgs"
      },
      "locked": {
        "lastModified": 1639246679,
        "narHash": "sha256-Jom+l4fklkb3/wxITqz5FrOd4LeL47Eg55xmxo1fY2g=",
        "owner": "nix-community",
        "repo": "home-manager",
        "rev": "0ebed30a10617bd48dd1bd0ce8697aab1b42d933",
        "type": "github"
      },
      "original": {
        "owner": "nix-community",
        "repo": "home-manager",
        "type": "github"
      }
    },
    "nixpkgs": {
      "locked": {
        "lastModified": 1639207161,
        "narHash": "sha256-BR1aYttKwEcvQTk/gERzy0IWWhkBt+by4afoZAfa+XI=",
        "owner": "NixOS",
        "repo": "nixpkgs",
        "rev": "3175a66dad6f504b3f1a1cae4b2a8520c2424d6b",
        "type": "github"
      },
      "original": {
        "id": "nixpkgs",
        "type": "indirect"
      }
    },
    "nixpkgs_2": {
      "locked": {
        "lastModified": 1638986258,
        "narHash": "sha256-OceRdctKZRSgqQxVRvvNB0MaEnFMzQqjUffecoDE9eI=",
        "owner": "nixos",
        "repo": "nixpkgs",
        "rev": "581d2d6c9cd5c289002203581d8aa0861963a933",
        "type": "github"
      },
      "original": {
        "owner": "nixos",
        "ref": "nixos-unstable",
        "repo": "nixpkgs",
        "type": "github"
      }
    },
    "root": {
      "inputs": {
        "home-manager": "home-manager",
        "nixpkgs": "nixpkgs_2"
      }
    }
  },
  "root": "root",
  "version": 7
}
